
Microsoft Visual Studio Solution File, Format Version 12.00
# Visual Studio Version 16
VisualStudioVersion = 16.0.31025.194
MinimumVisualStudioVersion = 10.0.40219.1
Project("{9A19103F-16F7-4668-BE54-9A1E7A4F7556}") = "DrinkWholeSale.Desktop", "DrinkWholeSale.Desktop\DrinkWholeSale.Desktop.csproj", "{92C7D76B-7B4C-4AE2-B22D-56DCC70C9AEC}"
EndProject
Project("{9A19103F-16F7-4668-BE54-9A1E7A4F7556}") = "DrinkWholeSale.Web", "DrinkWholeSale.Web\DrinkWholeSale.Web.csproj", "{4E1777B3-0F56-4A14-B6FD-0989BB16305D}"
EndProject
Project("{9A19103F-16F7-4668-BE54-9A1E7A4F7556}") = "DrinkWholeSale.Persistence", "DrinkWholeSale.Persistence\DrinkWholeSale.Persistence.csproj", "{FEEA6553-2EB1-4182-9C28-11496CC2360B}"
EndProject
Project("{9A19103F-16F7-4668-BE54-9A1E7A4F7556}") = "DrinkWholeSale.WebApi", "DrinkWholeSale.WebApi\DrinkWholeSale.WebApi.csproj", "{706CAB69-5311-46B3-9A91-68DBA059ABDA}"
EndProject
Project("{9A19103F-16F7-4668-BE54-9A1E7A4F7556}") = "DrinkWholeSale.WebApi.Tests", "DrinkWholeSale.WebApi.Tests\DrinkWholeSale.WebApi.Tests.csproj", "{DCCF26B9-2591-42AC-BB88-717A4F6E8271}"
EndProject
Global
	GlobalSection(SolutionConfigurationPlatforms) = preSolution
		Debug|Any CPU = Debug|Any CPU
		Release|Any CPU = Release|Any CPU
	EndGlobalSection
	GlobalSection(ProjectConfigurationPlatforms) = postSolution
		{92C7D76B-7B4C-4AE2-B22D-56DCC70C9AEC}.Debug|Any CPU.ActiveCfg = Debug|Any CPU
		{92C7D76B-7B4C-4AE2-B22D-56DCC70C9AEC}.Debug|Any CPU.Build.0 = Debug|Any CPU
		{92C7D76B-7B4C-4AE2-B22D-56DCC70C9AEC}.Release|Any CPU.ActiveCfg = Release|Any CPU
		{92C7D76B-7B4C-4AE2-B22D-56DCC70C9AEC}.Release|Any CPU.Build.0 = Release|Any CPU
		{4E1777B3-0F56-4A14-B6FD-0989BB16305D}.Debug|Any CPU.ActiveCfg = Debug|Any CPU
		{4E1777B3-0F56-4A14-B6FD-0989BB16305D}.Debug|Any CPU.Build.0 = Debug|Any CPU
		{4E1777B3-0F56-4A14-B6FD-0989BB16305D}.Release|Any CPU.ActiveCfg = Release|Any CPU
		{4E1777B3-0F56-4A14-B6FD-0989BB16305D}.Release|Any CPU.Build.0 = Release|Any CPU
		{FEEA6553-2EB1-4182-9C28-11496CC2360B}.Debug|Any CPU.ActiveCfg = Debug|Any CPU
		{FEEA6553-2EB1-4182-9C28-11496CC2360B}.Debug|Any CPU.Build.0 = Debug|Any CPU
		{FEEA6553-2EB1-4182-9C28-11496CC2360B}.Release|Any CPU.ActiveCfg = Release|Any CPU
		{FEEA6553-2EB1-4182-9C28-11496CC2360B}.Release|Any CPU.Build.0 = Release|Any CPU
		{706CAB69-5311-46B3-9A91-68DBA059ABDA}.Debug|Any CPU.ActiveCfg = Debug|Any CPU
		{706CAB69-5311-46B3-9A91-68DBA059ABDA}.Debug|Any CPU.Build.0 = Debug|Any CPU
		{706CAB69-5311-46B3-9A91-68DBA059ABDA}.Release|Any CPU.ActiveCfg = Release|Any CPU
		{706CAB69-5311-46B3-9A91-68DBA059ABDA}.Release|Any CPU.Build.0 = Release|Any CPU
		{DCCF26B9-2591-42AC-BB88-717A4F6E8271}.Debug|Any CPU.ActiveCfg = Debug|Any CPU
		{DCCF26B9-2591-42AC-BB88-717A4F6E8271}.Debug|Any CPU.Build.0 = Debug|Any CPU
		{DCCF26B9-2591-42AC-BB88-717A4F6E8271}.Release|Any CPU.ActiveCfg = Release|Any CPU
		{DCCF26B9-2591-42AC-BB88-717A4F6E8271}.Release|Any CPU.Build.0 = Release|Any CPU
	EndGlobalSection
	GlobalSection(SolutionProperties) = preSolution
		HideSolutionNode = FALSE
	EndGlobalSection
	GlobalSection(ExtensibilityGlobals) = postSolution
		SolutionGuid = {A3E340C2-9233-4979-AE76-8D35D20822C2}
	EndGlobalSection
EndGlobal
